
Microsoft Visual Studio Solution File, Format Version 12.00
# Visual Studio Version 16
VisualStudioVersion = 16.0.30907.101
MinimumVisualStudioVersion = 10.0.40219.1
Project("{9A19103F-16F7-4668-BE54-9A1E7A4F7556}") = "ClassMetotDemo", "ClassMetotDemo\ClassMetotDemo.csproj", "{AEBDE902-E7FB-4B6F-9518-F86636EE8562}"
EndProject
Project("{FAE04EC0-301F-11D3-BF4B-00C04F79EFBC}") = "MyDictionary", "MyDictionary\MyDictionary.csproj", "{2D8BE523-05B6-4A13-96CC-B391AAF799F3}"
EndProject
Global
	GlobalSection(SolutionConfigurationPlatforms) = preSolution
		Debug|Any CPU = Debug|Any CPU
		Release|Any CPU = Release|Any CPU
	EndGlobalSection
	GlobalSection(ProjectConfigurationPlatforms) = postSolution
		{AEBDE902-E7FB-4B6F-9518-F86636EE8562}.Debug|Any CPU.ActiveCfg = Debug|Any CPU
		{AEBDE902-E7FB-4B6F-9518-F86636EE8562}.Debug|Any CPU.Build.0 = Debug|Any CPU
		{AEBDE902-E7FB-4B6F-9518-F86636EE8562}.Release|Any CPU.ActiveCfg = Release|Any CPU
		{AEBDE902-E7FB-4B6F-9518-F86636EE8562}.Release|Any CPU.Build.0 = Release|Any CPU
		{2D8BE523-05B6-4A13-96CC-B391AAF799F3}.Debug|Any CPU.ActiveCfg = Debug|Any CPU
		{2D8BE523-05B6-4A13-96CC-B391AAF799F3}.Debug|Any CPU.Build.0 = Debug|Any CPU
		{2D8BE523-05B6-4A13-96CC-B391AAF799F3}.Release|Any CPU.ActiveCfg = Release|Any CPU
		{2D8BE523-05B6-4A13-96CC-B391AAF799F3}.Release|Any CPU.Build.0 = Release|Any CPU
	EndGlobalSection
	GlobalSection(SolutionProperties) = preSolution
		HideSolutionNode = FALSE
	EndGlobalSection
	GlobalSection(ExtensibilityGlobals) = postSolution
		SolutionGuid = {2DCC1EDE-F140-44A1-8DCC-0A8079D68EE8}
	EndGlobalSection
EndGlobal
